
Microsoft Visual Studio Solution File, Format Version 12.00
# Visual Studio Version 16
VisualStudioVersion = 16.0.31321.278
MinimumVisualStudioVersion = 10.0.40219.1
Project("{9A19103F-16F7-4668-BE54-9A1E7A4F7556}") = "APIGateway", "APIGateway\APIGateway.csproj", "{C241FEA4-16EA-4B04-B19A-570940DBCC7F}"
EndProject
Project("{9A19103F-16F7-4668-BE54-9A1E7A4F7556}") = "UserService", "UserService\UserService.csproj", "{0299019E-C76F-404E-A78C-D1D467CB5B06}"
EndProject
Project("{9A19103F-16F7-4668-BE54-9A1E7A4F7556}") = "ProductService", "ProductService\ProductService.csproj", "{E1770C11-01E2-4EFE-AD07-742D1ADB662D}"
EndProject
Global
	GlobalSection(SolutionConfigurationPlatforms) = preSolution
		Debug|Any CPU = Debug|Any CPU
		Release|Any CPU = Release|Any CPU
	EndGlobalSection
	GlobalSection(ProjectConfigurationPlatforms) = postSolution
		{C241FEA4-16EA-4B04-B19A-570940DBCC7F}.Debug|Any CPU.ActiveCfg = Debug|Any CPU
		{C241FEA4-16EA-4B04-B19A-570940DBCC7F}.Debug|Any CPU.Build.0 = Debug|Any CPU
		{C241FEA4-16EA-4B04-B19A-570940DBCC7F}.Release|Any CPU.ActiveCfg = Release|Any CPU
		{C241FEA4-16EA-4B04-B19A-570940DBCC7F}.Release|Any CPU.Build.0 = Release|Any CPU
		{0299019E-C76F-404E-A78C-D1D467CB5B06}.Debug|Any CPU.ActiveCfg = Debug|Any CPU
		{0299019E-C76F-404E-A78C-D1D467CB5B06}.Debug|Any CPU.Build.0 = Debug|Any CPU
		{0299019E-C76F-404E-A78C-D1D467CB5B06}.Release|Any CPU.ActiveCfg = Release|Any CPU
		{0299019E-C76F-404E-A78C-D1D467CB5B06}.Release|Any CPU.Build.0 = Release|Any CPU
		{E1770C11-01E2-4EFE-AD07-742D1ADB662D}.Debug|Any CPU.ActiveCfg = Debug|Any CPU
		{E1770C11-01E2-4EFE-AD07-742D1ADB662D}.Debug|Any CPU.Build.0 = Debug|Any CPU
		{E1770C11-01E2-4EFE-AD07-742D1ADB662D}.Release|Any CPU.ActiveCfg = Release|Any CPU
		{E1770C11-01E2-4EFE-AD07-742D1ADB662D}.Release|Any CPU.Build.0 = Release|Any CPU
	EndGlobalSection
	GlobalSection(SolutionProperties) = preSolution
		HideSolutionNode = FALSE
	EndGlobalSection
	GlobalSection(ExtensibilityGlobals) = postSolution
		SolutionGuid = {7322BC87-3854-48E1-B5B7-61E962BF4F5A}
	EndGlobalSection
EndGlobal
